// !$*UTF8*$!
{
	archiveVersion = 1;
	classes = {
	};
	objectVersion = 56;
	objects = {

/* Begin PBXBuildFile section */
		31108AE62B6A9ADB0009226E /* TDDMockStubFakeObjectsApp.swift in Sources */ = {isa = PBXBuildFile; fileRef = 31108AE52B6A9ADB0009226E /* TDDMockStubFakeObjectsApp.swift */; };
		31108AE82B6A9ADB0009226E /* ContentView.swift in Sources */ = {isa = PBXBuildFile; fileRef = 31108AE72B6A9ADB0009226E /* ContentView.swift */; };
		31108AEA2B6A9ADD0009226E /* Assets.xcassets in Resources */ = {isa = PBXBuildFile; fileRef = 31108AE92B6A9ADD0009226E /* Assets.xcassets */; };
		31108AED2B6A9ADD0009226E /* Preview Assets.xcassets in Resources */ = {isa = PBXBuildFile; fileRef = 31108AEC2B6A9ADD0009226E /* Preview Assets.xcassets */; };
		31108AF72B6A9ADD0009226E /* TDDMockStubFakeObjectsTests.swift in Sources */ = {isa = PBXBuildFile; fileRef = 31108AF62B6A9ADD0009226E /* TDDMockStubFakeObjectsTests.swift */; };
		31108B012B6A9ADD0009226E /* TDDMockStubFakeObjectsUITests.swift in Sources */ = {isa = PBXBuildFile; fileRef = 31108B002B6A9ADD0009226E /* TDDMockStubFakeObjectsUITests.swift */; };
		31108B032B6A9ADD0009226E /* TDDMockStubFakeObjectsUITestsLaunchTests.swift in Sources */ = {isa = PBXBuildFile; fileRef = 31108B022B6A9ADD0009226E /* TDDMockStubFakeObjectsUITestsLaunchTests.swift */; };
/* End PBXBuildFile section */

/* Begin PBXContainerItemProxy section */
		31108AF32B6A9ADD0009226E /* PBXContainerItemProxy */ = {
			isa = PBXContainerItemProxy;
			containerPortal = 31108ADA2B6A9ADB0009226E /* Project object */;
			proxyType = 1;
			remoteGlobalIDString = 31108AE12B6A9ADB0009226E;
			remoteInfo = TDDMockStubFakeObjects;
		};
		31108AFD2B6A9ADD0009226E /* PBXContainerItemProxy */ = {
			isa = PBXContainerItemProxy;
			containerPortal = 31108ADA2B6A9ADB0009226E /* Project object */;
			proxyType = 1;
			remoteGlobalIDString = 31108AE12B6A9ADB0009226E;
			remoteInfo = TDDMockStubFakeObjects;
		};
/* End PBXContainerItemProxy section */

/* Begin PBXFileReference section */
		31108AE22B6A9ADB0009226E /* TDDMockStubFakeObjects.app */ = {isa = PBXFileReference; explicitFileType = wrapper.application; includeInIndex = 0; path = TDDMockStubFakeObjects.app; sourceTree = BUILT_PRODUCTS_DIR; };
		31108AE52B6A9ADB0009226E /* TDDMockStubFakeObjectsApp.swift */ = {isa = PBXFileReference; lastKnownFileType = sourcecode.swift; path = TDDMockStubFakeObjectsApp.swift; sourceTree = "<group>"; };
		31108AE72B6A9ADB0009226E /* ContentView.swift */ = {isa = PBXFileReference; lastKnownFileType = sourcecode.swift; path = ContentView.swift; sourceTree = "<group>"; };
		31108AE92B6A9ADD0009226E /* Assets.xcassets */ = {isa = PBXFileReference; lastKnownFileType = folder.assetcatalog; path = Assets.xcassets; sourceTree = "<group>"; };
		31108AEC2B6A9ADD0009226E /* Preview Assets.xcassets */ = {isa = PBXFileReference; lastKnownFileType = folder.assetcatalog; path = "Preview Assets.xcassets"; sourceTree = "<group>"; };
		31108AF22B6A9ADD0009226E /* TDDMockStubFakeObjectsTests.xctest */ = {isa = PBXFileReference; explicitFileType = wrapper.cfbundle; includeInIndex = 0; path = TDDMockStubFakeObjectsTests.xctest; sourceTree = BUILT_PRODUCTS_DIR; };
		31108AF62B6A9ADD0009226E /* TDDMockStubFakeObjectsTests.swift */ = {isa = PBXFileReference; lastKnownFileType = sourcecode.swift; path = TDDMockStubFakeObjectsTests.swift; sourceTree = "<group>"; };
		31108AFC2B6A9ADD0009226E /* TDDMockStubFakeObjectsUITests.xctest */ = {isa = PBXFileReference; explicitFileType = wrapper.cfbundle; includeInIndex = 0; path = TDDMockStubFakeObjectsUITests.xctest; sourceTree = BUILT_PRODUCTS_DIR; };
		31108B002B6A9ADD0009226E /* TDDMockStubFakeObjectsUITests.swift */ = {isa = PBXFileReference; lastKnownFileType = sourcecode.swift; path = TDDMockStubFakeObjectsUITests.swift; sourceTree = "<group>"; };
		31108B022B6A9ADD0009226E /* TDDMockStubFakeObjectsUITestsLaunchTests.swift */ = {isa = PBXFileReference; lastKnownFileType = sourcecode.swift; path = TDDMockStubFakeObjectsUITestsLaunchTests.swift; sourceTree = "<group>"; };
/* End PBXFileReference section */

/* Begin PBXFrameworksBuildPhase section */
		31108ADF2B6A9ADB0009226E /* Frameworks */ = {
			isa = PBXFrameworksBuildPhase;
			buildActionMask = 2147483647;
			files = (
			);
			runOnlyForDeploymentPostprocessing = 0;
		};
		31108AEF2B6A9ADD0009226E /* Frameworks */ = {
			isa = PBXFrameworksBuildPhase;
			buildActionMask = 2147483647;
			files = (
			);
			runOnlyForDeploymentPostprocessing = 0;
		};
		31108AF92B6A9ADD0009226E /* Frameworks */ = {
			isa = PBXFrameworksBuildPhase;
			buildActionMask = 2147483647;
			files = (
			);
			runOnlyForDeploymentPostprocessing = 0;
		};
/* End PBXFrameworksBuildPhase section */

/* Begin PBXGroup section */
		31108AD92B6A9ADB0009226E = {
			isa = PBXGroup;
			children = (
				31108AE42B6A9ADB0009226E /* TDDMockStubFakeObjects */,
				31108AF52B6A9ADD0009226E /* TDDMockStubFakeObjectsTests */,
				31108AFF2B6A9ADD0009226E /* TDDMockStubFakeObjectsUITests */,
				31108AE32B6A9ADB0009226E /* Products */,
			);
			sourceTree = "<group>";
		};
		31108AE32B6A9ADB0009226E /* Products */ = {
			isa = PBXGroup;
			children = (
				31108AE22B6A9ADB0009226E /* TDDMockStubFakeObjects.app */,
				31108AF22B6A9ADD0009226E /* TDDMockStubFakeObjectsTests.xctest */,
				31108AFC2B6A9ADD0009226E /* TDDMockStubFakeObjectsUITests.xctest */,
			);
			name = Products;
			sourceTree = "<group>";
		};
		31108AE42B6A9ADB0009226E /* TDDMockStubFakeObjects */ = {
			isa = PBXGroup;
			children = (
				31108AE52B6A9ADB0009226E /* TDDMockStubFakeObjectsApp.swift */,
				31108AE72B6A9ADB0009226E /* ContentView.swift */,
				31108AE92B6A9ADD0009226E /* Assets.xcassets */,
				31108AEB2B6A9ADD0009226E /* Preview Content */,
			);
			path = TDDMockStubFakeObjects;
			sourceTree = "<group>";
		};
		31108AEB2B6A9ADD0009226E /* Preview Content */ = {
			isa = PBXGroup;
			children = (
				31108AEC2B6A9ADD0009226E /* Preview Assets.xcassets */,
			);
			path = "Preview Content";
			sourceTree = "<group>";
		};
		31108AF52B6A9ADD0009226E /* TDDMockStubFakeObjectsTests */ = {
			isa = PBXGroup;
			children = (
				31108AF62B6A9ADD0009226E /* TDDMockStubFakeObjectsTests.swift */,
			);
			path = TDDMockStubFakeObjectsTests;
			sourceTree = "<group>";
		};
		31108AFF2B6A9ADD0009226E /* TDDMockStubFakeObjectsUITests */ = {
			isa = PBXGroup;
			children = (
				31108B002B6A9ADD0009226E /* TDDMockStubFakeObjectsUITests.swift */,
				31108B022B6A9ADD0009226E /* TDDMockStubFakeObjectsUITestsLaunchTests.swift */,
			);
			path = TDDMockStubFakeObjectsUITests;
			sourceTree = "<group>";
		};
/* End PBXGroup section */

/* Begin PBXNativeTarget section */
		31108AE12B6A9ADB0009226E /* TDDMockStubFakeObjects */ = {
			isa = PBXNativeTarget;
			buildConfigurationList = 31108B062B6A9ADD0009226E /* Build configuration list for PBXNativeTarget "TDDMockStubFakeObjects" */;
			buildPhases = (
				31108ADE2B6A9ADB0009226E /* Sources */,
				31108ADF2B6A9ADB0009226E /* Frameworks */,
				31108AE02B6A9ADB0009226E /* Resources */,
			);
			buildRules = (
			);
			dependencies = (
			);
			name = TDDMockStubFakeObjects;
			productName = TDDMockStubFakeObjects;
			productReference = 31108AE22B6A9ADB0009226E /* TDDMockStubFakeObjects.app */;
			productType = "com.apple.product-type.application";
		};
		31108AF12B6A9ADD0009226E /* TDDMockStubFakeObjectsTests */ = {
			isa = PBXNativeTarget;
			buildConfigurationList = 31108B092B6A9ADD0009226E /* Build configuration list for PBXNativeTarget "TDDMockStubFakeObjectsTests" */;
			buildPhases = (
				31108AEE2B6A9ADD0009226E /* Sources */,
				31108AEF2B6A9ADD0009226E /* Frameworks */,
				31108AF02B6A9ADD0009226E /* Resources */,
			);
			buildRules = (
			);
			dependencies = (
				31108AF42B6A9ADD0009226E /* PBXTargetDependency */,
			);
			name = TDDMockStubFakeObjectsTests;
			productName = TDDMockStubFakeObjectsTests;
			productReference = 31108AF22B6A9ADD0009226E /* TDDMockStubFakeObjectsTests.xctest */;
			productType = "com.apple.product-type.bundle.unit-test";
		};
		31108AFB2B6A9ADD0009226E /* TDDMockStubFakeObjectsUITests */ = {
			isa = PBXNativeTarget;
			buildConfigurationList = 31108B0C2B6A9ADD0009226E /* Build configuration list for PBXNativeTarget "TDDMockStubFakeObjectsUITests" */;
			buildPhases = (
				31108AF82B6A9ADD0009226E /* Sources */,
				31108AF92B6A9ADD0009226E /* Frameworks */,
				31108AFA2B6A9ADD0009226E /* Resources */,
			);
			buildRules = (
			);
			dependencies = (
				31108AFE2B6A9ADD0009226E /* PBXTargetDependency */,
			);
			name = TDDMockStubFakeObjectsUITests;
			productName = TDDMockStubFakeObjectsUITests;
			productReference = 31108AFC2B6A9ADD0009226E /* TDDMockStubFakeObjectsUITests.xctest */;
			productType = "com.apple.product-type.bundle.ui-testing";
		};
/* End PBXNativeTarget section */

/* Begin PBXProject section */
		31108ADA2B6A9ADB0009226E /* Project object */ = {
			isa = PBXProject;
			attributes = {
				BuildIndependentTargetsInParallel = 1;
				LastSwiftUpdateCheck = 1500;
				LastUpgradeCheck = 1500;
				TargetAttributes = {
					31108AE12B6A9ADB0009226E = {
						CreatedOnToolsVersion = 15.0;
					};
					31108AF12B6A9ADD0009226E = {
						CreatedOnToolsVersion = 15.0;
						TestTargetID = 31108AE12B6A9ADB0009226E;
					};
					31108AFB2B6A9ADD0009226E = {
						CreatedOnToolsVersion = 15.0;
						TestTargetID = 31108AE12B6A9ADB0009226E;
					};
				};
			};
			buildConfigurationList = 31108ADD2B6A9ADB0009226E /* Build configuration list for PBXProject "TDDMockStubFakeObjects" */;
			compatibilityVersion = "Xcode 14.0";
			developmentRegion = en;
			hasScannedForEncodings = 0;
			knownRegions = (
				en,
				Base,
			);
			mainGroup = 31108AD92B6A9ADB0009226E;
			productRefGroup = 31108AE32B6A9ADB0009226E /* Products */;
			projectDirPath = "";
			projectRoot = "";
			targets = (
				31108AE12B6A9ADB0009226E /* TDDMockStubFakeObjects */,
				31108AF12B6A9ADD0009226E /* TDDMockStubFakeObjectsTests */,
				31108AFB2B6A9ADD0009226E /* TDDMockStubFakeObjectsUITests */,
			);
		};
/* End PBXProject section */

/* Begin PBXResourcesBuildPhase section */
		31108AE02B6A9ADB0009226E /* Resources */ = {
			isa = PBXResourcesBuildPhase;
			buildActionMask = 2147483647;
			files = (
				31108AED2B6A9ADD0009226E /* Preview Assets.xcassets in Resources */,
				31108AEA2B6A9ADD0009226E /* Assets.xcassets in Resources */,
			);
			runOnlyForDeploymentPostprocessing = 0;
		};
		31108AF02B6A9ADD0009226E /* Resources */ = {
			isa = PBXResourcesBuildPhase;
			buildActionMask = 2147483647;
			files = (
			);
			runOnlyForDeploymentPostprocessing = 0;
		};
		31108AFA2B6A9ADD0009226E /* Resources */ = {
			isa = PBXResourcesBuildPhase;
			buildActionMask = 2147483647;
			files = (
			);
			runOnlyForDeploymentPostprocessing = 0;
		};
/* End PBXResourcesBuildPhase section */

/* Begin PBXSourcesBuildPhase section */
		31108ADE2B6A9ADB0009226E /* Sources */ = {
			isa = PBXSourcesBuildPhase;
			buildActionMask = 2147483647;
			files = (
				31108AE82B6A9ADB0009226E /* ContentView.swift in Sources */,
				31108AE62B6A9ADB0009226E /* TDDMockStubFakeObjectsApp.swift in Sources */,
			);
			runOnlyForDeploymentPostprocessing = 0;
		};
		31108AEE2B6A9ADD0009226E /* Sources */ = {
			isa = PBXSourcesBuildPhase;
			buildActionMask = 2147483647;
			files = (
				31108AF72B6A9ADD0009226E /* TDDMockStubFakeObjectsTests.swift in Sources */,
			);
			runOnlyForDeploymentPostprocessing = 0;
		};
		31108AF82B6A9ADD0009226E /* Sources */ = {
			isa = PBXSourcesBuildPhase;
			buildActionMask = 2147483647;
			files = (
				31108B012B6A9ADD0009226E /* TDDMockStubFakeObjectsUITests.swift in Sources */,
				31108B032B6A9ADD0009226E /* TDDMockStubFakeObjectsUITestsLaunchTests.swift in Sources */,
			);
			runOnlyForDeploymentPostprocessing = 0;
		};
/* End PBXSourcesBuildPhase section */

/* Begin PBXTargetDependency section */
		31108AF42B6A9ADD0009226E /* PBXTargetDependency */ = {
			isa = PBXTargetDependency;
			target = 31108AE12B6A9ADB0009226E /* TDDMockStubFakeObjects */;
			targetProxy = 31108AF32B6A9ADD0009226E /* PBXContainerItemProxy */;
		};
		31108AFE2B6A9ADD0009226E /* PBXTargetDependency */ = {
			isa = PBXTargetDependency;
			target = 31108AE12B6A9ADB0009226E /* TDDMockStubFakeObjects */;
			targetProxy = 31108AFD2B6A9ADD0009226E /* PBXContainerItemProxy */;
		};
/* End PBXTargetDependency section */

/* Begin XCBuildConfiguration section */
		31108B042B6A9ADD0009226E /* Debug */ = {
			isa = XCBuildConfiguration;
			buildSettings = {
				ALWAYS_SEARCH_USER_PATHS = NO;
				ASSETCATALOG_COMPILER_GENERATE_SWIFT_ASSET_SYMBOL_EXTENSIONS = YES;
				CLANG_ANALYZER_NONNULL = YES;
				CLANG_ANALYZER_NUMBER_OBJECT_CONVERSION = YES_AGGRESSIVE;
				CLANG_CXX_LANGUAGE_STANDARD = "gnu++20";
				CLANG_ENABLE_MODULES = YES;
				CLANG_ENABLE_OBJC_ARC = YES;
				CLANG_ENABLE_OBJC_WEAK = YES;
				CLANG_WARN_BLOCK_CAPTURE_AUTORELEASING = YES;
				CLANG_WARN_BOOL_CONVERSION = YES;
				CLANG_WARN_COMMA = YES;
				CLANG_WARN_CONSTANT_CONVERSION = YES;
				CLANG_WARN_DEPRECATED_OBJC_IMPLEMENTATIONS = YES;
				CLANG_WARN_DIRECT_OBJC_ISA_USAGE = YES_ERROR;
				CLANG_WARN_DOCUMENTATION_COMMENTS = YES;
				CLANG_WARN_EMPTY_BODY = YES;
				CLANG_WARN_ENUM_CONVERSION = YES;
				CLANG_WARN_INFINITE_RECURSION = YES;
				CLANG_WARN_INT_CONVERSION = YES;
				CLANG_WARN_NON_LITERAL_NULL_CONVERSION = YES;
				CLANG_WARN_OBJC_IMPLICIT_RETAIN_SELF = YES;
				CLANG_WARN_OBJC_LITERAL_CONVERSION = YES;
				CLANG_WARN_OBJC_ROOT_CLASS = YES_ERROR;
				CLANG_WARN_QUOTED_INCLUDE_IN_FRAMEWORK_HEADER = YES;
				CLANG_WARN_RANGE_LOOP_ANALYSIS = YES;
				CLANG_WARN_STRICT_PROTOTYPES = YES;
				CLANG_WARN_SUSPICIOUS_MOVE = YES;
				CLANG_WARN_UNGUARDED_AVAILABILITY = YES_AGGRESSIVE;
				CLANG_WARN_UNREACHABLE_CODE = YES;
				CLANG_WARN__DUPLICATE_METHOD_MATCH = YES;
				COPY_PHASE_STRIP = NO;
				DEBUG_INFORMATION_FORMAT = dwarf;
				ENABLE_STRICT_OBJC_MSGSEND = YES;
				ENABLE_TESTABILITY = YES;
				ENABLE_USER_SCRIPT_SANDBOXING = YES;
				GCC_C_LANGUAGE_STANDARD = gnu17;
				GCC_DYNAMIC_NO_PIC = NO;
				GCC_NO_COMMON_BLOCKS = YES;
				GCC_OPTIMIZATION_LEVEL = 0;
				GCC_PREPROCESSOR_DEFINITIONS = (
					"DEBUG=1",
					"$(inherited)",
				);
				GCC_WARN_64_TO_32_BIT_CONVERSION = YES;
				GCC_WARN_ABOUT_RETURN_TYPE = YES_ERROR;
				GCC_WARN_UNDECLARED_SELECTOR = YES;
				GCC_WARN_UNINITIALIZED_AUTOS = YES_AGGRESSIVE;
				GCC_WARN_UNUSED_FUNCTION = YES;
				GCC_WARN_UNUSED_VARIABLE = YES;
				IPHONEOS_DEPLOYMENT_TARGET = 17.0;
				LOCALIZATION_PREFERS_STRING_CATALOGS = YES;
				MTL_ENABLE_DEBUG_INFO = INCLUDE_SOURCE;
				MTL_FAST_MATH = YES;
				ONLY_ACTIVE_ARCH = YES;
				SDKROOT = iphoneos;
				SWIFT_ACTIVE_COMPILATION_CONDITIONS = "DEBUG $(inherited)";
				SWIFT_OPTIMIZATION_LEVEL = "-Onone";
			};
			name = Debug;
		};
		31108B052B6A9ADD0009226E /* Release */ = {
			isa = XCBuildConfiguration;
			buildSettings = {
				ALWAYS_SEARCH_USER_PATHS = NO;
				ASSETCATALOG_COMPILER_GENERATE_SWIFT_ASSET_SYMBOL_EXTENSIONS = YES;
				CLANG_ANALYZER_NONNULL = YES;
				CLANG_ANALYZER_NUMBER_OBJECT_CONVERSION = YES_AGGRESSIVE;
				CLANG_CXX_LANGUAGE_STANDARD = "gnu++20";
				CLANG_ENABLE_MODULES = YES;
				CLANG_ENABLE_OBJC_ARC = YES;
				CLANG_ENABLE_OBJC_WEAK = YES;
				CLANG_WARN_BLOCK_CAPTURE_AUTORELEASING = YES;
				CLANG_WARN_BOOL_CONVERSION = YES;
				CLANG_WARN_COMMA = YES;
				CLANG_WARN_CONSTANT_CONVERSION = YES;
				CLANG_WARN_DEPRECATED_OBJC_IMPLEMENTATIONS = YES;
				CLANG_WARN_DIRECT_OBJC_ISA_USAGE = YES_ERROR;
				CLANG_WARN_DOCUMENTATION_COMMENTS = YES;
				CLANG_WARN_EMPTY_BODY = YES;
				CLANG_WARN_ENUM_CONVERSION = YES;
				CLANG_WARN_INFINITE_RECURSION = YES;
				CLANG_WARN_INT_CONVERSION = YES;
				CLANG_WARN_NON_LITERAL_NULL_CONVERSION = YES;
				CLANG_WARN_OBJC_IMPLICIT_RETAIN_SELF = YES;
				CLANG_WARN_OBJC_LITERAL_CONVERSION = YES;
				CLANG_WARN_OBJC_ROOT_CLASS = YES_ERROR;
				CLANG_WARN_QUOTED_INCLUDE_IN_FRAMEWORK_HEADER = YES;
				CLANG_WARN_RANGE_LOOP_ANALYSIS = YES;
				CLANG_WARN_STRICT_PROTOTYPES = YES;
				CLANG_WARN_SUSPICIOUS_MOVE = YES;
				CLANG_WARN_UNGUARDED_AVAILABILITY = YES_AGGRESSIVE;
				CLANG_WARN_UNREACHABLE_CODE = YES;
				CLANG_WARN__DUPLICATE_METHOD_MATCH = YES;
				COPY_PHASE_STRIP = NO;
				DEBUG_INFORMATION_FORMAT = "dwarf-with-dsym";
				ENABLE_NS_ASSERTIONS = NO;
				ENABLE_STRICT_OBJC_MSGSEND = YES;
				ENABLE_USER_SCRIPT_SANDBOXING = YES;
				GCC_C_LANGUAGE_STANDARD = gnu17;
				GCC_NO_COMMON_BLOCKS = YES;
				GCC_WARN_64_TO_32_BIT_CONVERSION = YES;
				GCC_WARN_ABOUT_RETURN_TYPE = YES_ERROR;
				GCC_WARN_UNDECLARED_SELECTOR = YES;
				GCC_WARN_UNINITIALIZED_AUTOS = YES_AGGRESSIVE;
				GCC_WARN_UNUSED_FUNCTION = YES;
				GCC_WARN_UNUSED_VARIABLE = YES;
				IPHONEOS_DEPLOYMENT_TARGET = 17.0;
				LOCALIZATION_PREFERS_STRING_CATALOGS = YES;
				MTL_ENABLE_DEBUG_INFO = NO;
				MTL_FAST_MATH = YES;
				SDKROOT = iphoneos;
				SWIFT_COMPILATION_MODE = wholemodule;
				VALIDATE_PRODUCT = YES;
			};
			name = Release;
		};
		31108B072B6A9ADD0009226E /* Debug */ = {
			isa = XCBuildConfiguration;
			buildSettings = {
				ASSETCATALOG_COMPILER_APPICON_NAME = AppIcon;
				ASSETCATALOG_COMPILER_GLOBAL_ACCENT_COLOR_NAME = AccentColor;
				CODE_SIGN_STYLE = Automatic;
				CURRENT_PROJECT_VERSION = 1;
				DEVELOPMENT_ASSET_PATHS = "\"TDDMockStubFakeObjects/Preview Content\"";
				DEVELOPMENT_TEAM = B94244JN36;
				ENABLE_PREVIEWS = YES;
				GENERATE_INFOPLIST_FILE = YES;
				INFOPLIST_KEY_UIApplicationSceneManifest_Generation = YES;
				INFOPLIST_KEY_UIApplicationSupportsIndirectInputEvents = YES;
				INFOPLIST_KEY_UILaunchScreen_Generation = YES;
				INFOPLIST_KEY_UISupportedInterfaceOrientations_iPad = "UIInterfaceOrientationPortrait UIInterfaceOrientationPortraitUpsideDown UIInterfaceOrientationLandscapeLeft UIInterfaceOrientationLandscapeRight";
				INFOPLIST_KEY_UISupportedInterfaceOrientations_iPhone = "UIInterfaceOrientationPortrait UIInterfaceOrientationLandscapeLeft UIInterfaceOrientationLandscapeRight";
				LD_RUNPATH_SEARCH_PATHS = (
					"$(inherited)",
					"@executable_path/Frameworks",
				);
				MARKETING_VERSION = 1.0;
				PRODUCT_BUNDLE_IDENTIFIER = "com.Austin-Dobberfuhl.TDDMockStubFakeObjects";
				PRODUCT_NAME = "$(TARGET_NAME)";
				SWIFT_EMIT_LOC_STRINGS = YES;
				SWIFT_VERSION = 5.0;
				TARGETED_DEVICE_FAMILY = "1,2";
			};
			name = Debug;
		};
		31108B082B6A9ADD0009226E /* Release */ = {
			isa = XCBuildConfiguration;
			buildSettings = {
				ASSETCATALOG_COMPILER_APPICON_NAME = AppIcon;
				ASSETCATALOG_COMPILER_GLOBAL_ACCENT_COLOR_NAME = AccentColor;
				CODE_SIGN_STYLE = Automatic;
				CURRENT_PROJECT_VERSION = 1;
				DEVELOPMENT_ASSET_PATHS = "\"TDDMockStubFakeObjects/Preview Content\"";
				DEVELOPMENT_TEAM = B94244JN36;
				ENABLE_PREVIEWS = YES;
				GENERATE_INFOPLIST_FILE = YES;
				INFOPLIST_KEY_UIApplicationSceneManifest_Generation = YES;
				INFOPLIST_KEY_UIApplicationSupportsIndirectInputEvents = YES;
				INFOPLIST_KEY_UILaunchScreen_Generation = YES;
				INFOPLIST_KEY_UISupportedInterfaceOrientations_iPad = "UIInterfaceOrientationPortrait UIInterfaceOrientationPortraitUpsideDown UIInterfaceOrientationLandscapeLeft UIInterfaceOrientationLandscapeRight";
				INFOPLIST_KEY_UISupportedInterfaceOrientations_iPhone = "UIInterfaceOrientationPortrait UIInterfaceOrientationLandscapeLeft UIInterfaceOrientationLandscapeRight";
				LD_RUNPATH_SEARCH_PATHS = (
					"$(inherited)",
					"@executable_path/Frameworks",
				);
				MARKETING_VERSION = 1.0;
				PRODUCT_BUNDLE_IDENTIFIER = "com.Austin-Dobberfuhl.TDDMockStubFakeObjects";
				PRODUCT_NAME = "$(TARGET_NAME)";
				SWIFT_EMIT_LOC_STRINGS = YES;
				SWIFT_VERSION = 5.0;
				TARGETED_DEVICE_FAMILY = "1,2";
			};
			name = Release;
		};
		31108B0A2B6A9ADD0009226E /* Debug */ = {
			isa = XCBuildConfiguration;
			buildSettings = {
				ALWAYS_EMBED_SWIFT_STANDARD_LIBRARIES = YES;
				BUNDLE_LOADER = "$(TEST_HOST)";
				CODE_SIGN_STYLE = Automatic;
				CURRENT_PROJECT_VERSION = 1;
				DEVELOPMENT_TEAM = B94244JN36;
				GENERATE_INFOPLIST_FILE = YES;
				IPHONEOS_DEPLOYMENT_TARGET = 17.0;
				MARKETING_VERSION = 1.0;
				PRODUCT_BUNDLE_IDENTIFIER = "com.Austin-Dobberfuhl.TDDMockStubFakeObjectsTests";
				PRODUCT_NAME = "$(TARGET_NAME)";
				SWIFT_EMIT_LOC_STRINGS = NO;
				SWIFT_VERSION = 5.0;
				TARGETED_DEVICE_FAMILY = "1,2";
				TEST_HOST = "$(BUILT_PRODUCTS_DIR)/TDDMockStubFakeObjects.app/$(BUNDLE_EXECUTABLE_FOLDER_PATH)/TDDMockStubFakeObjects";
			};
			name = Debug;
		};
		31108B0B2B6A9ADD0009226E /* Release */ = {
			isa = XCBuildConfiguration;
			buildSettings = {
				ALWAYS_EMBED_SWIFT_STANDARD_LIBRARIES = YES;
				BUNDLE_LOADER = "$(TEST_HOST)";
				CODE_SIGN_STYLE = Automatic;
				CURRENT_PROJECT_VERSION = 1;
				DEVELOPMENT_TEAM = B94244JN36;
				GENERATE_INFOPLIST_FILE = YES;
				IPHONEOS_DEPLOYMENT_TARGET = 17.0;
				MARKETING_VERSION = 1.0;
				PRODUCT_BUNDLE_IDENTIFIER = "com.Austin-Dobberfuhl.TDDMockStubFakeObjectsTests";
				PRODUCT_NAME = "$(TARGET_NAME)";
				SWIFT_EMIT_LOC_STRINGS = NO;
				SWIFT_VERSION = 5.0;
				TARGETED_DEVICE_FAMILY = "1,2";
				TEST_HOST = "$(BUILT_PRODUCTS_DIR)/TDDMockStubFakeObjects.app/$(BUNDLE_EXECUTABLE_FOLDER_PATH)/TDDMockStubFakeObjects";
			};
			name = Release;
		};
		31108B0D2B6A9ADD0009226E /* Debug */ = {
			isa = XCBuildConfiguration;
			buildSettings = {
				ALWAYS_EMBED_SWIFT_STANDARD_LIBRARIES = YES;
				CODE_SIGN_STYLE = Automatic;
				CURRENT_PROJECT_VERSION = 1;
				DEVELOPMENT_TEAM = B94244JN36;
				GENERATE_INFOPLIST_FILE = YES;
				MARKETING_VERSION = 1.0;
				PRODUCT_BUNDLE_IDENTIFIER = "com.Austin-Dobberfuhl.TDDMockStubFakeObjectsUITests";
				PRODUCT_NAME = "$(TARGET_NAME)";
				SWIFT_EMIT_LOC_STRINGS = NO;
				SWIFT_VERSION = 5.0;
				TARGETED_DEVICE_FAMILY = "1,2";
				TEST_TARGET_NAME = TDDMockStubFakeObjects;
			};
			name = Debug;
		};
		31108B0E2B6A9ADD0009226E /* Release */ = {
			isa = XCBuildConfiguration;
			buildSettings = {
				ALWAYS_EMBED_SWIFT_STANDARD_LIBRARIES = YES;
				CODE_SIGN_STYLE = Automatic;
				CURRENT_PROJECT_VERSION = 1;
				DEVELOPMENT_TEAM = B94244JN36;
				GENERATE_INFOPLIST_FILE = YES;
				MARKETING_VERSION = 1.0;
				PRODUCT_BUNDLE_IDENTIFIER = "com.Austin-Dobberfuhl.TDDMockStubFakeObjectsUITests";
				PRODUCT_NAME = "$(TARGET_NAME)";
				SWIFT_EMIT_LOC_STRINGS = NO;
				SWIFT_VERSION = 5.0;
				TARGETED_DEVICE_FAMILY = "1,2";
				TEST_TARGET_NAME = TDDMockStubFakeObjects;
			};
			name = Release;
		};
/* End XCBuildConfiguration section */

/* Begin XCConfigurationList section */
		31108ADD2B6A9ADB0009226E /* Build configuration list for PBXProject "TDDMockStubFakeObjects" */ = {
			isa = XCConfigurationList;
			buildConfigurations = (
				31108B042B6A9ADD0009226E /* Debug */,
				31108B052B6A9ADD0009226E /* Release */,
			);
			defaultConfigurationIsVisible = 0;
			defaultConfigurationName = Release;
		};
		31108B062B6A9ADD0009226E /* Build configuration list for PBXNativeTarget "TDDMockStubFakeObjects" */ = {
			isa = XCConfigurationList;
			buildConfigurations = (
				31108B072B6A9ADD0009226E /* Debug */,
				31108B082B6A9ADD0009226E /* Release */,
			);
			defaultConfigurationIsVisible = 0;
			defaultConfigurationName = Release;
		};
		31108B092B6A9ADD0009226E /* Build configuration list for PBXNativeTarget "TDDMockStubFakeObjectsTests" */ = {
			isa = XCConfigurationList;
			buildConfigurations = (
				31108B0A2B6A9ADD0009226E /* Debug */,
				31108B0B2B6A9ADD0009226E /* Release */,
			);
			defaultConfigurationIsVisible = 0;
			defaultConfigurationName = Release;
		};
		31108B0C2B6A9ADD0009226E /* Build configuration list for PBXNativeTarget "TDDMockStubFakeObjectsUITests" */ = {
			isa = XCConfigurationList;
			buildConfigurations = (
				31108B0D2B6A9ADD0009226E /* Debug */,
				31108B0E2B6A9ADD0009226E /* Release */,
			);
			defaultConfigurationIsVisible = 0;
			defaultConfigurationName = Release;
		};
/* End XCConfigurationList section */
	};
	rootObject = 31108ADA2B6A9ADB0009226E /* Project object */;
}
